{
  "name": "znskr-paas",
  "lockfileVersion": 3,
  "requires": true,
  "packages": {
    "": {
      "dependencies": {
        "@openai/codex": "^0.86.0"
      }
    },
    "node_modules/@openai/codex": {
      "version": "0.86.0",
      "resolved": "https://registry.npmjs.org/@openai/codex/-/codex-0.86.0.tgz",
      "integrity": "sha512-OBIYW7aMKq1511g5oUW6Sa1TjogyyFuIzPtKkB+Edw5iQ6tA26Fnckl6wrLSmx6B3FxQ3NciMcWzIGyWko4OpA==",
      "license": "Apache-2.0",
      "bin": {
        "codex": "bin/codex.js"
      },
      "engines": {
        "node": ">=16"
      }
    }
  }
}
